
Microsoft Visual Studio Solution File, Format Version 11.00
# Visual Studio 2010
# SharpDevelop 4.2.1.8805
Project("{FAE04EC0-301F-11D3-BF4B-00C04F79EFBC}") = "NewWisoftUpdateTool", "NewWisoftUpdateTool.csproj", "{64910366-18CA-4A63-AE47-58D63E62F63B}"
EndProject
Project("{FAE04EC0-301F-11D3-BF4B-00C04F79EFBC}") = "WisoftUpdateTool", "..\WisoftUpdateTool\WisoftUpdateTool\WisoftUpdateTool.csproj", "{E10140BD-64E8-4487-B953-BD7BABBBB263}"
EndProject
Global
	GlobalSection(SolutionConfigurationPlatforms) = preSolution
		Debug|x86 = Debug|x86
		Release|x86 = Release|x86
		Debug|Any CPU = Debug|Any CPU
		Release|Any CPU = Release|Any CPU
	EndGlobalSection
	GlobalSection(ProjectConfigurationPlatforms) = postSolution
		{64910366-18CA-4A63-AE47-58D63E62F63B}.Debug|x86.Build.0 = Debug|x86
		{64910366-18CA-4A63-AE47-58D63E62F63B}.Debug|x86.ActiveCfg = Debug|x86
		{64910366-18CA-4A63-AE47-58D63E62F63B}.Debug|Any CPU.Build.0 = Debug|x86
		{64910366-18CA-4A63-AE47-58D63E62F63B}.Debug|Any CPU.ActiveCfg = Debug|x86
		{64910366-18CA-4A63-AE47-58D63E62F63B}.Release|x86.Build.0 = Release|x86
		{64910366-18CA-4A63-AE47-58D63E62F63B}.Release|x86.ActiveCfg = Release|x86
		{64910366-18CA-4A63-AE47-58D63E62F63B}.Release|Any CPU.Build.0 = Release|x86
		{64910366-18CA-4A63-AE47-58D63E62F63B}.Release|Any CPU.ActiveCfg = Release|x86
		{E10140BD-64E8-4487-B953-BD7BABBBB263}.Debug|x86.Build.0 = Debug|x86
		{E10140BD-64E8-4487-B953-BD7BABBBB263}.Debug|x86.ActiveCfg = Debug|x86
		{E10140BD-64E8-4487-B953-BD7BABBBB263}.Debug|Any CPU.Build.0 = Debug|Any CPU
		{E10140BD-64E8-4487-B953-BD7BABBBB263}.Debug|Any CPU.ActiveCfg = Debug|Any CPU
		{E10140BD-64E8-4487-B953-BD7BABBBB263}.Release|x86.Build.0 = Release|x86
		{E10140BD-64E8-4487-B953-BD7BABBBB263}.Release|x86.ActiveCfg = Release|x86
		{E10140BD-64E8-4487-B953-BD7BABBBB263}.Release|Any CPU.Build.0 = Release|Any CPU
		{E10140BD-64E8-4487-B953-BD7BABBBB263}.Release|Any CPU.ActiveCfg = Release|Any CPU
	EndGlobalSection
EndGlobal
